
Microsoft Visual Studio Solution File, Format Version 12.00
# Visual Studio Version 16
VisualStudioVersion = 25.0.1705.3
MinimumVisualStudioVersion = 10.0.40219.1
Project("{FAE04EC0-301F-11D3-BF4B-00C04F79EFBC}") = "PasswordManagerAPI", "PasswordManagerAPI\PasswordManagerAPI.csproj", "{FD66BB95-16DF-4CBD-B581-5D1A365E2084}"
EndProject
Global
	GlobalSection(SolutionConfigurationPlatforms) = preSolution
		Debug|Any CPU = Debug|Any CPU
		Release|Any CPU = Release|Any CPU
	EndGlobalSection
	GlobalSection(ProjectConfigurationPlatforms) = postSolution
		{FD66BB95-16DF-4CBD-B581-5D1A365E2084}.Debug|Any CPU.ActiveCfg = Debug|Any CPU
		{FD66BB95-16DF-4CBD-B581-5D1A365E2084}.Debug|Any CPU.Build.0 = Debug|Any CPU
		{FD66BB95-16DF-4CBD-B581-5D1A365E2084}.Release|Any CPU.ActiveCfg = Release|Any CPU
		{FD66BB95-16DF-4CBD-B581-5D1A365E2084}.Release|Any CPU.Build.0 = Release|Any CPU
	EndGlobalSection
	GlobalSection(SolutionProperties) = preSolution
		HideSolutionNode = FALSE
	EndGlobalSection
	GlobalSection(ExtensibilityGlobals) = postSolution
		SolutionGuid = {2893A55A-2645-40D8-95DB-DCA0203D2B41}
	EndGlobalSection
EndGlobal
